// !$*UTF8*$!
{
	archiveVersion = 1;
	classes = {
	};
	objectVersion = 46;
	objects = {

/* Begin PBXBuildFile section */
		F1E5B8091D9250970004CC63 /* main.m in Sources */ = {isa = PBXBuildFile; fileRef = F1E5B8081D9250970004CC63 /* main.m */; };
		F1E5B80C1D9250970004CC63 /* AppDelegate.m in Sources */ = {isa = PBXBuildFile; fileRef = F1E5B80B1D9250970004CC63 /* AppDelegate.m */; };
		F1E5B80F1D9250970004CC63 /* ViewController.m in Sources */ = {isa = PBXBuildFile; fileRef = F1E5B80E1D9250970004CC63 /* ViewController.m */; };
		F1E5B8121D9250970004CC63 /* Main.storyboard in Resources */ = {isa = PBXBuildFile; fileRef = F1E5B8101D9250970004CC63 /* Main.storyboard */; };
		F1E5B8141D9250970004CC63 /* Assets.xcassets in Resources */ = {isa = PBXBuildFile; fileRef = F1E5B8131D9250970004CC63 /* Assets.xcassets */; };
		F1E5B8171D9250970004CC63 /* LaunchScreen.storyboard in Resources */ = {isa = PBXBuildFile; fileRef = F1E5B8151D9250970004CC63 /* LaunchScreen.storyboard */; };
		F1E5B8211D9252550004CC63 /* ProcessManager.m in Sources */ = {isa = PBXBuildFile; fileRef = F1E5B8201D9252550004CC63 /* ProcessManager.m */; };
/* End PBXBuildFile section */

/* Begin PBXFileReference section */
		F1E5B8041D9250970004CC63 /* SampleProtocolApp.app */ = {isa = PBXFileReference; explicitFileType = wrapper.application; includeInIndex = 0; path = SampleProtocolApp.app; sourceTree = BUILT_PRODUCTS_DIR; };
		F1E5B8081D9250970004CC63 /* main.m */ = {isa = PBXFileReference; lastKnownFileType = sourcecode.c.objc; path = main.m; sourceTree = "<group>"; };
		F1E5B80A1D9250970004CC63 /* AppDelegate.h */ = {isa = PBXFileReference; lastKnownFileType = sourcecode.c.h; path = AppDelegate.h; sourceTree = "<group>"; };
		F1E5B80B1D9250970004CC63 /* AppDelegate.m */ = {isa = PBXFileReference; lastKnownFileType = sourcecode.c.objc; path = AppDelegate.m; sourceTree = "<group>"; };
		F1E5B80D1D9250970004CC63 /* ViewController.h */ = {isa = PBXFileReference; lastKnownFileType = sourcecode.c.h; path = ViewController.h; sourceTree = "<group>"; };
		F1E5B80E1D9250970004CC63 /* ViewController.m */ = {isa = PBXFileReference; lastKnownFileType = sourcecode.c.objc; path = ViewController.m; sourceTree = "<group>"; };
		F1E5B8111D9250970004CC63 /* Base */ = {isa = PBXFileReference; lastKnownFileType = file.storyboard; name = Base; path = Base.lproj/Main.storyboard; sourceTree = "<group>"; };
		F1E5B8131D9250970004CC63 /* Assets.xcassets */ = {isa = PBXFileReference; lastKnownFileType = folder.assetcatalog; path = Assets.xcassets; sourceTree = "<group>"; };
		F1E5B8161D9250970004CC63 /* Base */ = {isa = PBXFileReference; lastKnownFileType = file.storyboard; name = Base; path = Base.lproj/LaunchScreen.storyboard; sourceTree = "<group>"; };
		F1E5B8181D9250970004CC63 /* Info.plist */ = {isa = PBXFileReference; lastKnownFileType = text.plist.xml; path = Info.plist; sourceTree = "<group>"; };
		F1E5B81E1D9251780004CC63 /* ProcessCompletionDelegate.h */ = {isa = PBXFileReference; lastKnownFileType = sourcecode.c.h; path = ProcessCompletionDelegate.h; sourceTree = "<group>"; };
		F1E5B81F1D9252550004CC63 /* ProcessManager.h */ = {isa = PBXFileReference; fileEncoding = 4; lastKnownFileType = sourcecode.c.h; path = ProcessManager.h; sourceTree = "<group>"; };
		F1E5B8201D9252550004CC63 /* ProcessManager.m */ = {isa = PBXFileReference; fileEncoding = 4; lastKnownFileType = sourcecode.c.objc; path = ProcessManager.m; sourceTree = "<group>"; };
/* End PBXFileReference section */

/* Begin PBXFrameworksBuildPhase section */
		F1E5B8011D9250970004CC63 /* Frameworks */ = {
			isa = PBXFrameworksBuildPhase;
			buildActionMask = 2147483647;
			files = (
			);
			runOnlyForDeploymentPostprocessing = 0;
		};
/* End PBXFrameworksBuildPhase section */

/* Begin PBXGroup section */
		F1E5B7FB1D9250960004CC63 = {
			isa = PBXGroup;
			children = (
				F1E5B8061D9250970004CC63 /* SampleProtocolApp */,
				F1E5B8051D9250970004CC63 /* Products */,
			);
			sourceTree = "<group>";
		};
		F1E5B8051D9250970004CC63 /* Products */ = {
			isa = PBXGroup;
			children = (
				F1E5B8041D9250970004CC63 /* SampleProtocolApp.app */,
			);
			name = Products;
			sourceTree = "<group>";
		};
		F1E5B8061D9250970004CC63 /* SampleProtocolApp */ = {
			isa = PBXGroup;
			children = (
				F1E5B80A1D9250970004CC63 /* AppDelegate.h */,
				F1E5B80B1D9250970004CC63 /* AppDelegate.m */,
				F1E5B80D1D9250970004CC63 /* ViewController.h */,
				F1E5B80E1D9250970004CC63 /* ViewController.m */,
				F1E5B81E1D9251780004CC63 /* ProcessCompletionDelegate.h */,
				F1E5B81F1D9252550004CC63 /* ProcessManager.h */,
				F1E5B8201D9252550004CC63 /* ProcessManager.m */,
				F1E5B8101D9250970004CC63 /* Main.storyboard */,
				F1E5B8131D9250970004CC63 /* Assets.xcassets */,
				F1E5B8151D9250970004CC63 /* LaunchScreen.storyboard */,
				F1E5B8181D9250970004CC63 /* Info.plist */,
				F1E5B8071D9250970004CC63 /* Supporting Files */,
			);
			path = SampleProtocolApp;
			sourceTree = "<group>";
		};
		F1E5B8071D9250970004CC63 /* Supporting Files */ = {
			isa = PBXGroup;
			children = (
				F1E5B8081D9250970004CC63 /* main.m */,
			);
			name = "Supporting Files";
			sourceTree = "<group>";
		};
/* End PBXGroup section */

/* Begin PBXNativeTarget section */
		F1E5B8031D9250970004CC63 /* SampleProtocolApp */ = {
			isa = PBXNativeTarget;
			buildConfigurationList = F1E5B81B1D9250970004CC63 /* Build configuration list for PBXNativeTarget "SampleProtocolApp" */;
			buildPhases = (
				F1E5B8001D9250970004CC63 /* Sources */,
				F1E5B8011D9250970004CC63 /* Frameworks */,
				F1E5B8021D9250970004CC63 /* Resources */,
			);
			buildRules = (
			);
			dependencies = (
			);
			name = SampleProtocolApp;
			productName = SampleProtocolApp;
			productReference = F1E5B8041D9250970004CC63 /* SampleProtocolApp.app */;
			productType = "com.apple.product-type.application";
		};
/* End PBXNativeTarget section */

/* Begin PBXProject section */
		F1E5B7FC1D9250960004CC63 /* Project object */ = {
			isa = PBXProject;
			attributes = {
				LastUpgradeCheck = 0730;
				ORGANIZATIONNAME = webonise;
				TargetAttributes = {
					F1E5B8031D9250970004CC63 = {
						CreatedOnToolsVersion = 7.3.1;
					};
				};
			};
			buildConfigurationList = F1E5B7FF1D9250960004CC63 /* Build configuration list for PBXProject "SampleProtocolApp" */;
			compatibilityVersion = "Xcode 3.2";
			developmentRegion = English;
			hasScannedForEncodings = 0;
			knownRegions = (
				en,
				Base,
			);
			mainGroup = F1E5B7FB1D9250960004CC63;
			productRefGroup = F1E5B8051D9250970004CC63 /* Products */;
			projectDirPath = "";
			projectRoot = "";
			targets = (
				F1E5B8031D9250970004CC63 /* SampleProtocolApp */,
			);
		};
/* End PBXProject section */

/* Begin PBXResourcesBuildPhase section */
		F1E5B8021D9250970004CC63 /* Resources */ = {
			isa = PBXResourcesBuildPhase;
			buildActionMask = 2147483647;
			files = (
				F1E5B8171D9250970004CC63 /* LaunchScreen.storyboard in Resources */,
				F1E5B8141D9250970004CC63 /* Assets.xcassets in Resources */,
				F1E5B8121D9250970004CC63 /* Main.storyboard in Resources */,
			);
			runOnlyForDeploymentPostprocessing = 0;
		};
/* End PBXResourcesBuildPhase section */

/* Begin PBXSourcesBuildPhase section */
		F1E5B8001D9250970004CC63 /* Sources */ = {
			isa = PBXSourcesBuildPhase;
			buildActionMask = 2147483647;
			files = (
				F1E5B80F1D9250970004CC63 /* ViewController.m in Sources */,
				F1E5B8211D9252550004CC63 /* ProcessManager.m in Sources */,
				F1E5B80C1D9250970004CC63 /* AppDelegate.m in Sources */,
				F1E5B8091D9250970004CC63 /* main.m in Sources */,
			);
			runOnlyForDeploymentPostprocessing = 0;
		};
/* End PBXSourcesBuildPhase section */

/* Begin PBXVariantGroup section */
		F1E5B8101D9250970004CC63 /* Main.storyboard */ = {
			isa = PBXVariantGroup;
			children = (
				F1E5B8111D9250970004CC63 /* Base */,
			);
			name = Main.storyboard;
			sourceTree = "<group>";
		};
		F1E5B8151D9250970004CC63 /* LaunchScreen.storyboard */ = {
			isa = PBXVariantGroup;
			children = (
				F1E5B8161D9250970004CC63 /* Base */,
			);
			name = LaunchScreen.storyboard;
			sourceTree = "<group>";
		};
/* End PBXVariantGroup section */

/* Begin XCBuildConfiguration section */
		F1E5B8191D9250970004CC63 /* Debug */ = {
			isa = XCBuildConfiguration;
			buildSettings = {
				ALWAYS_SEARCH_USER_PATHS = NO;
				CLANG_ANALYZER_NONNULL = YES;
				CLANG_CXX_LANGUAGE_STANDARD = "gnu++0x";
				CLANG_CXX_LIBRARY = "libc++";
				CLANG_ENABLE_MODULES = YES;
				CLANG_ENABLE_OBJC_ARC = YES;
				CLANG_WARN_BOOL_CONVERSION = YES;
				CLANG_WARN_CONSTANT_CONVERSION = YES;
				CLANG_WARN_DIRECT_OBJC_ISA_USAGE = YES_ERROR;
				CLANG_WARN_EMPTY_BODY = YES;
				CLANG_WARN_ENUM_CONVERSION = YES;
				CLANG_WARN_INT_CONVERSION = YES;
				CLANG_WARN_OBJC_ROOT_CLASS = YES_ERROR;
				CLANG_WARN_UNREACHABLE_CODE = YES;
				CLANG_WARN__DUPLICATE_METHOD_MATCH = YES;
				"CODE_SIGN_IDENTITY[sdk=iphoneos*]" = "iPhone Developer";
				COPY_PHASE_STRIP = NO;
				DEBUG_INFORMATION_FORMAT = dwarf;
				ENABLE_STRICT_OBJC_MSGSEND = YES;
				ENABLE_TESTABILITY = YES;
				GCC_C_LANGUAGE_STANDARD = gnu99;
				GCC_DYNAMIC_NO_PIC = NO;
				GCC_NO_COMMON_BLOCKS = YES;
				GCC_OPTIMIZATION_LEVEL = 0;
				GCC_PREPROCESSOR_DEFINITIONS = (
					"DEBUG=1",
					"$(inherited)",
				);
				GCC_WARN_64_TO_32_BIT_CONVERSION = YES;
				GCC_WARN_ABOUT_RETURN_TYPE = YES_ERROR;
				GCC_WARN_UNDECLARED_SELECTOR = YES;
				GCC_WARN_UNINITIALIZED_AUTOS = YES_AGGRESSIVE;
				GCC_WARN_UNUSED_FUNCTION = YES;
				GCC_WARN_UNUSED_VARIABLE = YES;
				IPHONEOS_DEPLOYMENT_TARGET = 9.3;
				MTL_ENABLE_DEBUG_INFO = YES;
				ONLY_ACTIVE_ARCH = YES;
				SDKROOT = iphoneos;
				TARGETED_DEVICE_FAMILY = "1,2";
			};
			name = Debug;
		};
		F1E5B81A1D9250970004CC63 /* Release */ = {
			isa = XCBuildConfiguration;
			buildSettings = {
				ALWAYS_SEARCH_USER_PATHS = NO;
				CLANG_ANALYZER_NONNULL = YES;
				CLANG_CXX_LANGUAGE_STANDARD = "gnu++0x";
				CLANG_CXX_LIBRARY = "libc++";
				CLANG_ENABLE_MODULES = YES;
				CLANG_ENABLE_OBJC_ARC = YES;
				CLANG_WARN_BOOL_CONVERSION = YES;
				CLANG_WARN_CONSTANT_CONVERSION = YES;
				CLANG_WARN_DIRECT_OBJC_ISA_USAGE = YES_ERROR;
				CLANG_WARN_EMPTY_BODY = YES;
				CLANG_WARN_ENUM_CONVERSION = YES;
				CLANG_WARN_INT_CONVERSION = YES;
				CLANG_WARN_OBJC_ROOT_CLASS = YES_ERROR;
				CLANG_WARN_UNREACHABLE_CODE = YES;
				CLANG_WARN__DUPLICATE_METHOD_MATCH = YES;
				"CODE_SIGN_IDENTITY[sdk=iphoneos*]" = "iPhone Developer";
				COPY_PHASE_STRIP = NO;
				DEBUG_INFORMATION_FORMAT = "dwarf-with-dsym";
				ENABLE_NS_ASSERTIONS = NO;
				ENABLE_STRICT_OBJC_MSGSEND = YES;
				GCC_C_LANGUAGE_STANDARD = gnu99;
				GCC_NO_COMMON_BLOCKS = YES;
				GCC_WARN_64_TO_32_BIT_CONVERSION = YES;
				GCC_WARN_ABOUT_RETURN_TYPE = YES_ERROR;
				GCC_WARN_UNDECLARED_SELECTOR = YES;
				GCC_WARN_UNINITIALIZED_AUTOS = YES_AGGRESSIVE;
				GCC_WARN_UNUSED_FUNCTION = YES;
				GCC_WARN_UNUSED_VARIABLE = YES;
				IPHONEOS_DEPLOYMENT_TARGET = 9.3;
				MTL_ENABLE_DEBUG_INFO = NO;
				SDKROOT = iphoneos;
				TARGETED_DEVICE_FAMILY = "1,2";
				VALIDATE_PRODUCT = YES;
			};
			name = Release;
		};
		F1E5B81C1D9250970004CC63 /* Debug */ = {
			isa = XCBuildConfiguration;
			buildSettings = {
				ASSETCATALOG_COMPILER_APPICON_NAME = AppIcon;
				INFOPLIST_FILE = SampleProtocolApp/Info.plist;
				LD_RUNPATH_SEARCH_PATHS = "$(inherited) @executable_path/Frameworks";
				PRODUCT_BUNDLE_IDENTIFIER = com.webonise.SampleProtocolApp;
				PRODUCT_NAME = "$(TARGET_NAME)";
			};
			name = Debug;
		};
		F1E5B81D1D9250970004CC63 /* Release */ = {
			isa = XCBuildConfiguration;
			buildSettings = {
				ASSETCATALOG_COMPILER_APPICON_NAME = AppIcon;
				INFOPLIST_FILE = SampleProtocolApp/Info.plist;
				LD_RUNPATH_SEARCH_PATHS = "$(inherited) @executable_path/Frameworks";
				PRODUCT_BUNDLE_IDENTIFIER = com.webonise.SampleProtocolApp;
				PRODUCT_NAME = "$(TARGET_NAME)";
			};
			name = Release;
		};
/* End XCBuildConfiguration section */

/* Begin XCConfigurationList section */
		F1E5B7FF1D9250960004CC63 /* Build configuration list for PBXProject "SampleProtocolApp" */ = {
			isa = XCConfigurationList;
			buildConfigurations = (
				F1E5B8191D9250970004CC63 /* Debug */,
				F1E5B81A1D9250970004CC63 /* Release */,
			);
			defaultConfigurationIsVisible = 0;
			defaultConfigurationName = Release;
		};
		F1E5B81B1D9250970004CC63 /* Build configuration list for PBXNativeTarget "SampleProtocolApp" */ = {
			isa = XCConfigurationList;
			buildConfigurations = (
				F1E5B81C1D9250970004CC63 /* Debug */,
				F1E5B81D1D9250970004CC63 /* Release */,
			);
			defaultConfigurationIsVisible = 0;
		};
/* End XCConfigurationList section */
	};
	rootObject = F1E5B7FC1D9250960004CC63 /* Project object */;
}
